
Microsoft Visual Studio Solution File, Format Version 12.00
# Visual Studio Version 17
VisualStudioVersion = 17.11.35312.102
MinimumVisualStudioVersion = 10.0.40219.1
Project("{FAE04EC0-301F-11D3-BF4B-00C04F79EFBC}") = "Task1", "Task1\Task1.csproj", "{0F761204-20B6-4D60-ACD5-36A162AFB3AB}"
EndProject
Global
	GlobalSection(SolutionConfigurationPlatforms) = preSolution
		Debug|Any CPU = Debug|Any CPU
		Release|Any CPU = Release|Any CPU
	EndGlobalSection
	GlobalSection(ProjectConfigurationPlatforms) = postSolution
		{0F761204-20B6-4D60-ACD5-36A162AFB3AB}.Debug|Any CPU.ActiveCfg = Debug|Any CPU
		{0F761204-20B6-4D60-ACD5-36A162AFB3AB}.Debug|Any CPU.Build.0 = Debug|Any CPU
		{0F761204-20B6-4D60-ACD5-36A162AFB3AB}.Release|Any CPU.ActiveCfg = Release|Any CPU
		{0F761204-20B6-4D60-ACD5-36A162AFB3AB}.Release|Any CPU.Build.0 = Release|Any CPU
	EndGlobalSection
	GlobalSection(SolutionProperties) = preSolution
		HideSolutionNode = FALSE
	EndGlobalSection
	GlobalSection(ExtensibilityGlobals) = postSolution
		SolutionGuid = {BF3DA773-DD9C-459B-A218-C39A969CA046}
	EndGlobalSection
EndGlobal
